
Microsoft Visual Studio Solution File, Format Version 12.00
# Visual Studio Version 16
VisualStudioVersion = 16.0.809.2
MinimumVisualStudioVersion = 10.0.40219.1
Project("{FAE04EC0-301F-11D3-BF4B-00C04F79EFBC}") = "SimpleClassExample", "SimpleClassExample\SimpleClassExample.csproj", "{AE490D71-1606-4B50-A159-ED7E50DE095F}"
EndProject
Project("{FAE04EC0-301F-11D3-BF4B-00C04F79EFBC}") = "StaticDataAndMembers", "StaticDataAndMembers\StaticDataAndMembers.csproj", "{C5F8B376-E3ED-4464-A7E6-79E798030C20}"
EndProject
Project("{FAE04EC0-301F-11D3-BF4B-00C04F79EFBC}") = "EmployeeApp", "EmployeeApp\EmployeeApp.csproj", "{4F72CCC0-F590-423A-99F4-F713BAE38D97}"
EndProject
Project("{FAE04EC0-301F-11D3-BF4B-00C04F79EFBC}") = "AutoProps", "AutoProps\AutoProps.csproj", "{ED5F91D6-648E-47D2-839E-2D76B778F21B}"
EndProject
Project("{FAE04EC0-301F-11D3-BF4B-00C04F79EFBC}") = "ObjectInitializers", "ObjectInitializers\ObjectInitializers.csproj", "{8C3BD3B5-AEAB-4709-A8E3-AA1EA8C8FEE3}"
EndProject
Project("{FAE04EC0-301F-11D3-BF4B-00C04F79EFBC}") = "BasicInheritance", "BasicInheritance\BasicInheritance.csproj", "{68F64618-65A0-4F74-AE00-EBC5C60E267A}"
EndProject
Global
	GlobalSection(SolutionConfigurationPlatforms) = preSolution
		Debug|anycpu = Debug|anycpu
		Release|anycpu = Release|anycpu
	EndGlobalSection
	GlobalSection(ProjectConfigurationPlatforms) = postSolution
		{AE490D71-1606-4B50-A159-ED7E50DE095F}.Debug|anycpu.ActiveCfg = Debug|anycpu
		{AE490D71-1606-4B50-A159-ED7E50DE095F}.Debug|anycpu.Build.0 = Debug|anycpu
		{AE490D71-1606-4B50-A159-ED7E50DE095F}.Release|anycpu.ActiveCfg = Release|anycpu
		{AE490D71-1606-4B50-A159-ED7E50DE095F}.Release|anycpu.Build.0 = Release|anycpu
		{C5F8B376-E3ED-4464-A7E6-79E798030C20}.Debug|anycpu.ActiveCfg = Debug|anycpu
		{C5F8B376-E3ED-4464-A7E6-79E798030C20}.Debug|anycpu.Build.0 = Debug|anycpu
		{C5F8B376-E3ED-4464-A7E6-79E798030C20}.Release|anycpu.ActiveCfg = Release|anycpu
		{C5F8B376-E3ED-4464-A7E6-79E798030C20}.Release|anycpu.Build.0 = Release|anycpu
		{4F72CCC0-F590-423A-99F4-F713BAE38D97}.Debug|anycpu.ActiveCfg = Debug|anycpu
		{4F72CCC0-F590-423A-99F4-F713BAE38D97}.Debug|anycpu.Build.0 = Debug|anycpu
		{4F72CCC0-F590-423A-99F4-F713BAE38D97}.Release|anycpu.ActiveCfg = Release|anycpu
		{4F72CCC0-F590-423A-99F4-F713BAE38D97}.Release|anycpu.Build.0 = Release|anycpu
		{ED5F91D6-648E-47D2-839E-2D76B778F21B}.Debug|anycpu.ActiveCfg = Debug|anycpu
		{ED5F91D6-648E-47D2-839E-2D76B778F21B}.Debug|anycpu.Build.0 = Debug|anycpu
		{ED5F91D6-648E-47D2-839E-2D76B778F21B}.Release|anycpu.ActiveCfg = Release|anycpu
		{ED5F91D6-648E-47D2-839E-2D76B778F21B}.Release|anycpu.Build.0 = Release|anycpu
		{8C3BD3B5-AEAB-4709-A8E3-AA1EA8C8FEE3}.Debug|anycpu.ActiveCfg = Debug|anycpu
		{8C3BD3B5-AEAB-4709-A8E3-AA1EA8C8FEE3}.Debug|anycpu.Build.0 = Debug|anycpu
		{8C3BD3B5-AEAB-4709-A8E3-AA1EA8C8FEE3}.Release|anycpu.ActiveCfg = Release|anycpu
		{8C3BD3B5-AEAB-4709-A8E3-AA1EA8C8FEE3}.Release|anycpu.Build.0 = Release|anycpu
		{68F64618-65A0-4F74-AE00-EBC5C60E267A}.Debug|anycpu.ActiveCfg = Debug|anycpu
		{68F64618-65A0-4F74-AE00-EBC5C60E267A}.Debug|anycpu.Build.0 = Debug|anycpu
		{68F64618-65A0-4F74-AE00-EBC5C60E267A}.Release|anycpu.ActiveCfg = Release|anycpu
		{68F64618-65A0-4F74-AE00-EBC5C60E267A}.Release|anycpu.Build.0 = Release|anycpu
	EndGlobalSection
	GlobalSection(SolutionProperties) = preSolution
		HideSolutionNode = FALSE
	EndGlobalSection
	GlobalSection(ExtensibilityGlobals) = postSolution
		SolutionGuid = {1E3641AE-C5FE-47A7-82DE-EB46698579DC}
	EndGlobalSection
EndGlobal
